// !$*UTF8*$!
{
	archiveVersion = 1;
	classes = {
	};
	objectVersion = 48;
	objects = {

/* Begin PBXBuildFile section */
		7A152EA01FD8A0610067D7F3 /* AppDelegate.m in Sources */ = {isa = PBXBuildFile; fileRef = 7A152E9F1FD8A0610067D7F3 /* AppDelegate.m */; };
		7A152EA31FD8A0610067D7F3 /* ViewController.m in Sources */ = {isa = PBXBuildFile; fileRef = 7A152EA21FD8A0610067D7F3 /* ViewController.m */; };
		7A152EA61FD8A0610067D7F3 /* Main.storyboard in Resources */ = {isa = PBXBuildFile; fileRef = 7A152EA41FD8A0610067D7F3 /* Main.storyboard */; };
		7A152EA81FD8A0610067D7F3 /* Assets.xcassets in Resources */ = {isa = PBXBuildFile; fileRef = 7A152EA71FD8A0610067D7F3 /* Assets.xcassets */; };
		7A152EAB1FD8A0610067D7F3 /* LaunchScreen.storyboard in Resources */ = {isa = PBXBuildFile; fileRef = 7A152EA91FD8A0610067D7F3 /* LaunchScreen.storyboard */; };
		7A152EAE1FD8A0610067D7F3 /* main.m in Sources */ = {isa = PBXBuildFile; fileRef = 7A152EAD1FD8A0610067D7F3 /* main.m */; };
/* End PBXBuildFile section */

/* Begin PBXFileReference section */
		7A152E9B1FD8A0610067D7F3 /* BuddybuildSampleApp.app */ = {isa = PBXFileReference; explicitFileType = wrapper.application; includeInIndex = 0; path = BuddybuildSampleApp.app; sourceTree = BUILT_PRODUCTS_DIR; };
		7A152E9E1FD8A0610067D7F3 /* AppDelegate.h */ = {isa = PBXFileReference; lastKnownFileType = sourcecode.c.h; path = AppDelegate.h; sourceTree = "<group>"; };
		7A152E9F1FD8A0610067D7F3 /* AppDelegate.m */ = {isa = PBXFileReference; lastKnownFileType = sourcecode.c.objc; path = AppDelegate.m; sourceTree = "<group>"; };
		7A152EA11FD8A0610067D7F3 /* ViewController.h */ = {isa = PBXFileReference; lastKnownFileType = sourcecode.c.h; path = ViewController.h; sourceTree = "<group>"; };
		7A152EA21FD8A0610067D7F3 /* ViewController.m */ = {isa = PBXFileReference; lastKnownFileType = sourcecode.c.objc; path = ViewController.m; sourceTree = "<group>"; };
		7A152EA51FD8A0610067D7F3 /* Base */ = {isa = PBXFileReference; lastKnownFileType = file.storyboard; name = Base; path = Base.lproj/Main.storyboard; sourceTree = "<group>"; };
		7A152EA71FD8A0610067D7F3 /* Assets.xcassets */ = {isa = PBXFileReference; lastKnownFileType = folder.assetcatalog; path = Assets.xcassets; sourceTree = "<group>"; };
		7A152EAA1FD8A0610067D7F3 /* Base */ = {isa = PBXFileReference; lastKnownFileType = file.storyboard; name = Base; path = Base.lproj/LaunchScreen.storyboard; sourceTree = "<group>"; };
		7A152EAC1FD8A0610067D7F3 /* Info.plist */ = {isa = PBXFileReference; lastKnownFileType = text.plist.xml; path = Info.plist; sourceTree = "<group>"; };
		7A152EAD1FD8A0610067D7F3 /* main.m */ = {isa = PBXFileReference; lastKnownFileType = sourcecode.c.objc; path = main.m; sourceTree = "<group>"; };
/* End PBXFileReference section */

/* Begin PBXFrameworksBuildPhase section */
		7A152E981FD8A0610067D7F3 /* Frameworks */ = {
			isa = PBXFrameworksBuildPhase;
			buildActionMask = 2147483647;
			files = (
			);
			runOnlyForDeploymentPostprocessing = 0;
		};
/* End PBXFrameworksBuildPhase section */

/* Begin PBXGroup section */
		7A152E921FD8A0610067D7F3 = {
			isa = PBXGroup;
			children = (
				7A152E9D1FD8A0610067D7F3 /* BuddybuildSampleApp */,
				7A152E9C1FD8A0610067D7F3 /* Products */,
			);
			sourceTree = "<group>";
		};
		7A152E9C1FD8A0610067D7F3 /* Products */ = {
			isa = PBXGroup;
			children = (
				7A152E9B1FD8A0610067D7F3 /* BuddybuildSampleApp.app */,
			);
			name = Products;
			sourceTree = "<group>";
		};
		7A152E9D1FD8A0610067D7F3 /* BuddybuildSampleApp */ = {
			isa = PBXGroup;
			children = (
				7A152E9E1FD8A0610067D7F3 /* AppDelegate.h */,
				7A152E9F1FD8A0610067D7F3 /* AppDelegate.m */,
				7A152EA11FD8A0610067D7F3 /* ViewController.h */,
				7A152EA21FD8A0610067D7F3 /* ViewController.m */,
				7A152EA41FD8A0610067D7F3 /* Main.storyboard */,
				7A152EA71FD8A0610067D7F3 /* Assets.xcassets */,
				7A152EA91FD8A0610067D7F3 /* LaunchScreen.storyboard */,
				7A152EAC1FD8A0610067D7F3 /* Info.plist */,
				7A152EAD1FD8A0610067D7F3 /* main.m */,
			);
			path = BuddybuildSampleApp;
			sourceTree = "<group>";
		};
/* End PBXGroup section */

/* Begin PBXNativeTarget section */
		7A152E9A1FD8A0610067D7F3 /* BuddybuildSampleApp */ = {
			isa = PBXNativeTarget;
			buildConfigurationList = 7A152EB11FD8A0610067D7F3 /* Build configuration list for PBXNativeTarget "BuddybuildSampleApp" */;
			buildPhases = (
				7A152E971FD8A0610067D7F3 /* Sources */,
				7A152E981FD8A0610067D7F3 /* Frameworks */,
				7A152E991FD8A0610067D7F3 /* Resources */,
			);
			buildRules = (
			);
			dependencies = (
			);
			name = BuddybuildSampleApp;
			productName = BuddybuildSampleApp;
			productReference = 7A152E9B1FD8A0610067D7F3 /* BuddybuildSampleApp.app */;
			productType = "com.apple.product-type.application";
		};
/* End PBXNativeTarget section */

/* Begin PBXProject section */
		7A152E931FD8A0610067D7F3 /* Project object */ = {
			isa = PBXProject;
			attributes = {
				LastUpgradeCheck = 0920;
				ORGANIZATIONNAME = Buddybuild;
				TargetAttributes = {
					7A152E9A1FD8A0610067D7F3 = {
						CreatedOnToolsVersion = 9.2;
						ProvisioningStyle = Automatic;
					};
				};
			};
			buildConfigurationList = 7A152E961FD8A0610067D7F3 /* Build configuration list for PBXProject "BuddybuildSampleApp" */;
			compatibilityVersion = "Xcode 8.0";
			developmentRegion = en;
			hasScannedForEncodings = 0;
			knownRegions = (
				en,
				Base,
			);
			mainGroup = 7A152E921FD8A0610067D7F3;
			productRefGroup = 7A152E9C1FD8A0610067D7F3 /* Products */;
			projectDirPath = "";
			projectRoot = "";
			targets = (
				7A152E9A1FD8A0610067D7F3 /* BuddybuildSampleApp */,
			);
		};
/* End PBXProject section */

/* Begin PBXResourcesBuildPhase section */
		7A152E991FD8A0610067D7F3 /* Resources */ = {
			isa = PBXResourcesBuildPhase;
			buildActionMask = 2147483647;
			files = (
				7A152EAB1FD8A0610067D7F3 /* LaunchScreen.storyboard in Resources */,
				7A152EA81FD8A0610067D7F3 /* Assets.xcassets in Resources */,
				7A152EA61FD8A0610067D7F3 /* Main.storyboard in Resources */,
			);
			runOnlyForDeploymentPostprocessing = 0;
		};
/* End PBXResourcesBuildPhase section */

/* Begin PBXSourcesBuildPhase section */
		7A152E971FD8A0610067D7F3 /* Sources */ = {
			isa = PBXSourcesBuildPhase;
			buildActionMask = 2147483647;
			files = (
				7A152EA31FD8A0610067D7F3 /* ViewController.m in Sources */,
				7A152EAE1FD8A0610067D7F3 /* main.m in Sources */,
				7A152EA01FD8A0610067D7F3 /* AppDelegate.m in Sources */,
			);
			runOnlyForDeploymentPostprocessing = 0;
		};
/* End PBXSourcesBuildPhase section */

/* Begin PBXVariantGroup section */
		7A152EA41FD8A0610067D7F3 /* Main.storyboard */ = {
			isa = PBXVariantGroup;
			children = (
				7A152EA51FD8A0610067D7F3 /* Base */,
			);
			name = Main.storyboard;
			sourceTree = "<group>";
		};
		7A152EA91FD8A0610067D7F3 /* LaunchScreen.storyboard */ = {
			isa = PBXVariantGroup;
			children = (
				7A152EAA1FD8A0610067D7F3 /* Base */,
			);
			name = LaunchScreen.storyboard;
			sourceTree = "<group>";
		};
/* End PBXVariantGroup section */

/* Begin XCBuildConfiguration section */
		7A152EAF1FD8A0610067D7F3 /* Debug */ = {
			isa = XCBuildConfiguration;
			buildSettings = {
				ALWAYS_SEARCH_USER_PATHS = NO;
				CLANG_ANALYZER_NONNULL = YES;
				CLANG_ANALYZER_NUMBER_OBJECT_CONVERSION = YES_AGGRESSIVE;
				CLANG_CXX_LANGUAGE_STANDARD = "gnu++14";
				CLANG_CXX_LIBRARY = "libc++";
				CLANG_ENABLE_MODULES = YES;
				CLANG_ENABLE_OBJC_ARC = YES;
				CLANG_WARN_BLOCK_CAPTURE_AUTORELEASING = YES;
				CLANG_WARN_BOOL_CONVERSION = YES;
				CLANG_WARN_COMMA = YES;
				CLANG_WARN_CONSTANT_CONVERSION = YES;
				CLANG_WARN_DIRECT_OBJC_ISA_USAGE = YES_ERROR;
				CLANG_WARN_DOCUMENTATION_COMMENTS = YES;
				CLANG_WARN_EMPTY_BODY = YES;
				CLANG_WARN_ENUM_CONVERSION = YES;
				CLANG_WARN_INFINITE_RECURSION = YES;
				CLANG_WARN_INT_CONVERSION = YES;
				CLANG_WARN_NON_LITERAL_NULL_CONVERSION = YES;
				CLANG_WARN_OBJC_LITERAL_CONVERSION = YES;
				CLANG_WARN_OBJC_ROOT_CLASS = YES_ERROR;
				CLANG_WARN_RANGE_LOOP_ANALYSIS = YES;
				CLANG_WARN_STRICT_PROTOTYPES = YES;
				CLANG_WARN_SUSPICIOUS_MOVE = YES;
				CLANG_WARN_UNGUARDED_AVAILABILITY = YES_AGGRESSIVE;
				CLANG_WARN_UNREACHABLE_CODE = YES;
				CLANG_WARN__DUPLICATE_METHOD_MATCH = YES;
				CODE_SIGN_IDENTITY = "iPhone Developer";
				COPY_PHASE_STRIP = NO;
				DEBUG_INFORMATION_FORMAT = dwarf;
				ENABLE_STRICT_OBJC_MSGSEND = YES;
				ENABLE_TESTABILITY = YES;
				GCC_C_LANGUAGE_STANDARD = gnu11;
				GCC_DYNAMIC_NO_PIC = NO;
				GCC_NO_COMMON_BLOCKS = YES;
				GCC_OPTIMIZATION_LEVEL = 0;
				GCC_PREPROCESSOR_DEFINITIONS = (
					"DEBUG=1",
					"$(inherited)",
				);
				GCC_WARN_64_TO_32_BIT_CONVERSION = YES;
				GCC_WARN_ABOUT_RETURN_TYPE = YES_ERROR;
				GCC_WARN_UNDECLARED_SELECTOR = YES;
				GCC_WARN_UNINITIALIZED_AUTOS = YES_AGGRESSIVE;
				GCC_WARN_UNUSED_FUNCTION = YES;
				GCC_WARN_UNUSED_VARIABLE = YES;
				IPHONEOS_DEPLOYMENT_TARGET = 11.2;
				MTL_ENABLE_DEBUG_INFO = YES;
				ONLY_ACTIVE_ARCH = YES;
				SDKROOT = iphoneos;
			};
			name = Debug;
		};
		7A152EB01FD8A0610067D7F3 /* Release */ = {
			isa = XCBuildConfiguration;
			buildSettings = {
				ALWAYS_SEARCH_USER_PATHS = NO;
				CLANG_ANALYZER_NONNULL = YES;
				CLANG_ANALYZER_NUMBER_OBJECT_CONVERSION = YES_AGGRESSIVE;
				CLANG_CXX_LANGUAGE_STANDARD = "gnu++14";
				CLANG_CXX_LIBRARY = "libc++";
				CLANG_ENABLE_MODULES = YES;
				CLANG_ENABLE_OBJC_ARC = YES;
				CLANG_WARN_BLOCK_CAPTURE_AUTORELEASING = YES;
				CLANG_WARN_BOOL_CONVERSION = YES;
				CLANG_WARN_COMMA = YES;
				CLANG_WARN_CONSTANT_CONVERSION = YES;
				CLANG_WARN_DIRECT_OBJC_ISA_USAGE = YES_ERROR;
				CLANG_WARN_DOCUMENTATION_COMMENTS = YES;
				CLANG_WARN_EMPTY_BODY = YES;
				CLANG_WARN_ENUM_CONVERSION = YES;
				CLANG_WARN_INFINITE_RECURSION = YES;
				CLANG_WARN_INT_CONVERSION = YES;
				CLANG_WARN_NON_LITERAL_NULL_CONVERSION = YES;
				CLANG_WARN_OBJC_LITERAL_CONVERSION = YES;
				CLANG_WARN_OBJC_ROOT_CLASS = YES_ERROR;
				CLANG_WARN_RANGE_LOOP_ANALYSIS = YES;
				CLANG_WARN_STRICT_PROTOTYPES = YES;
				CLANG_WARN_SUSPICIOUS_MOVE = YES;
				CLANG_WARN_UNGUARDED_AVAILABILITY = YES_AGGRESSIVE;
				CLANG_WARN_UNREACHABLE_CODE = YES;
				CLANG_WARN__DUPLICATE_METHOD_MATCH = YES;
				CODE_SIGN_IDENTITY = "iPhone Developer";
				COPY_PHASE_STRIP = NO;
				DEBUG_INFORMATION_FORMAT = "dwarf-with-dsym";
				ENABLE_NS_ASSERTIONS = NO;
				ENABLE_STRICT_OBJC_MSGSEND = YES;
				GCC_C_LANGUAGE_STANDARD = gnu11;
				GCC_NO_COMMON_BLOCKS = YES;
				GCC_WARN_64_TO_32_BIT_CONVERSION = YES;
				GCC_WARN_ABOUT_RETURN_TYPE = YES_ERROR;
				GCC_WARN_UNDECLARED_SELECTOR = YES;
				GCC_WARN_UNINITIALIZED_AUTOS = YES_AGGRESSIVE;
				GCC_WARN_UNUSED_FUNCTION = YES;
				GCC_WARN_UNUSED_VARIABLE = YES;
				IPHONEOS_DEPLOYMENT_TARGET = 11.2;
				MTL_ENABLE_DEBUG_INFO = NO;
				SDKROOT = iphoneos;
				VALIDATE_PRODUCT = YES;
			};
			name = Release;
		};
		7A152EB21FD8A0610067D7F3 /* Debug */ = {
			isa = XCBuildConfiguration;
			buildSettings = {
				ASSETCATALOG_COMPILER_APPICON_NAME = AppIcon;
				CODE_SIGN_STYLE = Automatic;
				DEVELOPMENT_TEAM = 8VS9JKFDZS;
				INFOPLIST_FILE = BuddybuildSampleApp/Info.plist;
				LD_RUNPATH_SEARCH_PATHS = "$(inherited) @executable_path/Frameworks";
				PRODUCT_BUNDLE_IDENTIFIER = com.buddybuild.BuddybuildSampleApp;
				PRODUCT_NAME = "$(TARGET_NAME)";
				TARGETED_DEVICE_FAMILY = "1,2";
			};
			name = Debug;
		};
		7A152EB31FD8A0610067D7F3 /* Release */ = {
			isa = XCBuildConfiguration;
			buildSettings = {
				ASSETCATALOG_COMPILER_APPICON_NAME = AppIcon;
				CODE_SIGN_STYLE = Automatic;
				DEVELOPMENT_TEAM = 8VS9JKFDZS;
				INFOPLIST_FILE = BuddybuildSampleApp/Info.plist;
				LD_RUNPATH_SEARCH_PATHS = "$(inherited) @executable_path/Frameworks";
				PRODUCT_BUNDLE_IDENTIFIER = com.buddybuild.BuddybuildSampleApp;
				PRODUCT_NAME = "$(TARGET_NAME)";
				TARGETED_DEVICE_FAMILY = "1,2";
			};
			name = Release;
		};
/* End XCBuildConfiguration section */

/* Begin XCConfigurationList section */
		7A152E961FD8A0610067D7F3 /* Build configuration list for PBXProject "BuddybuildSampleApp" */ = {
			isa = XCConfigurationList;
			buildConfigurations = (
				7A152EAF1FD8A0610067D7F3 /* Debug */,
				7A152EB01FD8A0610067D7F3 /* Release */,
			);
			defaultConfigurationIsVisible = 0;
			defaultConfigurationName = Release;
		};
		7A152EB11FD8A0610067D7F3 /* Build configuration list for PBXNativeTarget "BuddybuildSampleApp" */ = {
			isa = XCConfigurationList;
			buildConfigurations = (
				7A152EB21FD8A0610067D7F3 /* Debug */,
				7A152EB31FD8A0610067D7F3 /* Release */,
			);
			defaultConfigurationIsVisible = 0;
			defaultConfigurationName = Release;
		};
/* End XCConfigurationList section */
	};
	rootObject = 7A152E931FD8A0610067D7F3 /* Project object */;
}
